
Microsoft Visual Studio Solution File, Format Version 12.00
# Visual Studio Version 16
VisualStudioVersion = 16.0.30523.141
MinimumVisualStudioVersion = 10.0.40219.1
Project("{9A19103F-16F7-4668-BE54-9A1E7A4F7556}") = "Sample.SSEvent", "Sample.SSEvent.csproj", "{28331C71-E83C-43CF-83F1-7A5E142C65BB}"
EndProject
Global
	GlobalSection(SolutionConfigurationPlatforms) = preSolution
		Debug|Any CPU = Debug|Any CPU
		Release|Any CPU = Release|Any CPU
	EndGlobalSection
	GlobalSection(ProjectConfigurationPlatforms) = postSolution
		{28331C71-E83C-43CF-83F1-7A5E142C65BB}.Debug|Any CPU.ActiveCfg = Debug|Any CPU
		{28331C71-E83C-43CF-83F1-7A5E142C65BB}.Debug|Any CPU.Build.0 = Debug|Any CPU
		{28331C71-E83C-43CF-83F1-7A5E142C65BB}.Release|Any CPU.ActiveCfg = Release|Any CPU
		{28331C71-E83C-43CF-83F1-7A5E142C65BB}.Release|Any CPU.Build.0 = Release|Any CPU
	EndGlobalSection
	GlobalSection(SolutionProperties) = preSolution
		HideSolutionNode = FALSE
	EndGlobalSection
	GlobalSection(ExtensibilityGlobals) = postSolution
		SolutionGuid = {E395257B-A07B-4444-9DB0-8ADD5EC4F2C7}
	EndGlobalSection
EndGlobal
